
Microsoft Visual Studio Solution File, Format Version 12.00
# Visual Studio Version 17
VisualStudioVersion = 17.13.35913.81 d17.13
MinimumVisualStudioVersion = 10.0.40219.1
Project("{FAE04EC0-301F-11D3-BF4B-00C04F79EFBC}") = "webSIA", "webSIA\webSIA.csproj", "{0ADDB50B-4618-4683-B6EF-0FAF98F44418}"
EndProject
Global
	GlobalSection(SolutionConfigurationPlatforms) = preSolution
		Debug|Any CPU = Debug|Any CPU
		Release|Any CPU = Release|Any CPU
	EndGlobalSection
	GlobalSection(ProjectConfigurationPlatforms) = postSolution
		{0ADDB50B-4618-4683-B6EF-0FAF98F44418}.Debug|Any CPU.ActiveCfg = Debug|Any CPU
		{0ADDB50B-4618-4683-B6EF-0FAF98F44418}.Debug|Any CPU.Build.0 = Debug|Any CPU
		{0ADDB50B-4618-4683-B6EF-0FAF98F44418}.Release|Any CPU.ActiveCfg = Release|Any CPU
		{0ADDB50B-4618-4683-B6EF-0FAF98F44418}.Release|Any CPU.Build.0 = Release|Any CPU
	EndGlobalSection
	GlobalSection(SolutionProperties) = preSolution
		HideSolutionNode = FALSE
	EndGlobalSection
	GlobalSection(ExtensibilityGlobals) = postSolution
		SolutionGuid = {6556878D-5C3E-4EFF-AEC2-2745804BBDC8}
	EndGlobalSection
EndGlobal
